
Microsoft Visual Studio Solution File, Format Version 12.00
# Visual Studio 15
VisualStudioVersion = 15.0.28307.106
MinimumVisualStudioVersion = 10.0.40219.1
Project("{FAE04EC0-301F-11D3-BF4B-00C04F79EFBC}") = "1 - SimpleParsing", "1 - SimpleParsing\1 - SimpleParsing.csproj", "{7C08506A-042A-4CC4-ABAD-C3B5278775B5}"
EndProject
Project("{FAE04EC0-301F-11D3-BF4B-00C04F79EFBC}") = "2 - DataStats", "2 - DataStats\2 - DataStats.csproj", "{2FE93403-D3A3-46F3-A15E-F81AA4A53900}"
EndProject
Global
	GlobalSection(SolutionConfigurationPlatforms) = preSolution
		Debug|Any CPU = Debug|Any CPU
		Release|Any CPU = Release|Any CPU
	EndGlobalSection
	GlobalSection(ProjectConfigurationPlatforms) = postSolution
		{7C08506A-042A-4CC4-ABAD-C3B5278775B5}.Debug|Any CPU.ActiveCfg = Debug|Any CPU
		{7C08506A-042A-4CC4-ABAD-C3B5278775B5}.Debug|Any CPU.Build.0 = Debug|Any CPU
		{7C08506A-042A-4CC4-ABAD-C3B5278775B5}.Release|Any CPU.ActiveCfg = Release|Any CPU
		{7C08506A-042A-4CC4-ABAD-C3B5278775B5}.Release|Any CPU.Build.0 = Release|Any CPU
		{2FE93403-D3A3-46F3-A15E-F81AA4A53900}.Debug|Any CPU.ActiveCfg = Debug|Any CPU
		{2FE93403-D3A3-46F3-A15E-F81AA4A53900}.Debug|Any CPU.Build.0 = Debug|Any CPU
		{2FE93403-D3A3-46F3-A15E-F81AA4A53900}.Release|Any CPU.ActiveCfg = Release|Any CPU
		{2FE93403-D3A3-46F3-A15E-F81AA4A53900}.Release|Any CPU.Build.0 = Release|Any CPU
	EndGlobalSection
	GlobalSection(SolutionProperties) = preSolution
		HideSolutionNode = FALSE
	EndGlobalSection
	GlobalSection(ExtensibilityGlobals) = postSolution
		SolutionGuid = {C2E9E799-FA53-493B-98B9-2B9E0CE4B2BB}
	EndGlobalSection
EndGlobal
